{
  "nodes": {
    "adios": {
      "locked": {
        "lastModified": 1790987282,
        "narHash": "sha256-QRlohZ8U0iHFGMGJpJ3fjXEgPQAduHe2kMq80dsFurc=",
        "owner": "llakala",
        "repo": "lladios",
        "rev": "9a9acb58303d810734914f0cd5cc45630e694477",
        "type": "github"
      },
      "original": {
        "owner": "llakala",
        "repo": "lladios",
        "type": "github"
      }
    },
    "root": {
      "inputs": {
        "adios": "adios"
      }
    }
  },
  "root": "root",
  "version": 7
}
